
Microsoft Visual Studio Solution File, Format Version 12.00
# Visual Studio Version 17
VisualStudioVersion = 17.1.32210.238
MinimumVisualStudioVersion = 10.0.40219.1
Project("{FAE04EC0-301F-11D3-BF4B-00C04F79EFBC}") = "DL_BC_27_Debugging", "DL_BC_27_Debugging.csproj", "{65AE0209-2FB2-48F8-BBD4-C8398719237A}"
EndProject
Global
	GlobalSection(SolutionConfigurationPlatforms) = preSolution
		Debug|Any CPU = Debug|Any CPU
		Release|Any CPU = Release|Any CPU
	EndGlobalSection
	GlobalSection(ProjectConfigurationPlatforms) = postSolution
		{65AE0209-2FB2-48F8-BBD4-C8398719237A}.Debug|Any CPU.ActiveCfg = Debug|Any CPU
		{65AE0209-2FB2-48F8-BBD4-C8398719237A}.Debug|Any CPU.Build.0 = Debug|Any CPU
		{65AE0209-2FB2-48F8-BBD4-C8398719237A}.Release|Any CPU.ActiveCfg = Release|Any CPU
		{65AE0209-2FB2-48F8-BBD4-C8398719237A}.Release|Any CPU.Build.0 = Release|Any CPU
	EndGlobalSection
	GlobalSection(SolutionProperties) = preSolution
		HideSolutionNode = FALSE
	EndGlobalSection
	GlobalSection(ExtensibilityGlobals) = postSolution
		SolutionGuid = {018ED400-D88B-4251-87F4-379645DF6FD2}
	EndGlobalSection
EndGlobal
